
Microsoft Visual Studio Solution File, Format Version 12.00
# Visual Studio Version 17
VisualStudioVersion = 17.7.34031.279
MinimumVisualStudioVersion = 10.0.40219.1
Project("{FAE04EC0-301F-11D3-BF4B-00C04F79EFBC}") = "WindowsFormsApp1", "WindowsFormsApp1\WindowsFormsApp1.csproj", "{EE30A951-B99F-499A-B50E-BF8F84E39D23}"
EndProject
Global
	GlobalSection(SolutionConfigurationPlatforms) = preSolution
		Debug|Any CPU = Debug|Any CPU
		Release|Any CPU = Release|Any CPU
	EndGlobalSection
	GlobalSection(ProjectConfigurationPlatforms) = postSolution
		{EE30A951-B99F-499A-B50E-BF8F84E39D23}.Debug|Any CPU.ActiveCfg = Debug|Any CPU
		{EE30A951-B99F-499A-B50E-BF8F84E39D23}.Debug|Any CPU.Build.0 = Debug|Any CPU
		{EE30A951-B99F-499A-B50E-BF8F84E39D23}.Release|Any CPU.ActiveCfg = Release|Any CPU
		{EE30A951-B99F-499A-B50E-BF8F84E39D23}.Release|Any CPU.Build.0 = Release|Any CPU
	EndGlobalSection
	GlobalSection(SolutionProperties) = preSolution
		HideSolutionNode = FALSE
	EndGlobalSection
	GlobalSection(ExtensibilityGlobals) = postSolution
		SolutionGuid = {133FD7BA-D2BC-44EE-B27C-CA8535D6C65C}
	EndGlobalSection
EndGlobal
